
Microsoft Visual Studio Solution File, Format Version 12.00
# Visual Studio Version 16
VisualStudioVersion = 16.0.30104.148
MinimumVisualStudioVersion = 10.0.40219.1
Project("{FAE04EC0-301F-11D3-BF4B-00C04F79EFBC}") = "PostrgeTutorial", "PostrgeTutorial\PostrgeTutorial.csproj", "{B087BC3F-A538-4A9E-AD95-9A12FA5ADE2D}"
EndProject
Global
	GlobalSection(SolutionConfigurationPlatforms) = preSolution
		Debug|Any CPU = Debug|Any CPU
		Release|Any CPU = Release|Any CPU
	EndGlobalSection
	GlobalSection(ProjectConfigurationPlatforms) = postSolution
		{B087BC3F-A538-4A9E-AD95-9A12FA5ADE2D}.Debug|Any CPU.ActiveCfg = Debug|Any CPU
		{B087BC3F-A538-4A9E-AD95-9A12FA5ADE2D}.Debug|Any CPU.Build.0 = Debug|Any CPU
		{B087BC3F-A538-4A9E-AD95-9A12FA5ADE2D}.Release|Any CPU.ActiveCfg = Release|Any CPU
		{B087BC3F-A538-4A9E-AD95-9A12FA5ADE2D}.Release|Any CPU.Build.0 = Release|Any CPU
	EndGlobalSection
	GlobalSection(SolutionProperties) = preSolution
		HideSolutionNode = FALSE
	EndGlobalSection
	GlobalSection(ExtensibilityGlobals) = postSolution
		SolutionGuid = {4D9A04FD-9BEB-416C-9C6D-DC76E780F12E}
	EndGlobalSection
EndGlobal
